
Microsoft Visual Studio Solution File, Format Version 12.00
# Visual Studio Version 17
VisualStudioVersion = 17.8.34330.188
MinimumVisualStudioVersion = 10.0.40219.1
Project("{FAE04EC0-301F-11D3-BF4B-00C04F79EFBC}") = "Second", "Second.csproj", "{3A63ED5A-FF47-4609-9B17-5E3A51E61C28}"
EndProject
Global
	GlobalSection(SolutionConfigurationPlatforms) = preSolution
		Debug|Any CPU = Debug|Any CPU
		Release|Any CPU = Release|Any CPU
	EndGlobalSection
	GlobalSection(ProjectConfigurationPlatforms) = postSolution
		{3A63ED5A-FF47-4609-9B17-5E3A51E61C28}.Debug|Any CPU.ActiveCfg = Debug|Any CPU
		{3A63ED5A-FF47-4609-9B17-5E3A51E61C28}.Debug|Any CPU.Build.0 = Debug|Any CPU
		{3A63ED5A-FF47-4609-9B17-5E3A51E61C28}.Release|Any CPU.ActiveCfg = Release|Any CPU
		{3A63ED5A-FF47-4609-9B17-5E3A51E61C28}.Release|Any CPU.Build.0 = Release|Any CPU
	EndGlobalSection
	GlobalSection(SolutionProperties) = preSolution
		HideSolutionNode = FALSE
	EndGlobalSection
	GlobalSection(ExtensibilityGlobals) = postSolution
		SolutionGuid = {68BCAC18-6850-448D-9E7A-EE90ACFF4FDE}
	EndGlobalSection
EndGlobal
